
Microsoft Visual Studio Solution File, Format Version 12.00
# Visual Studio 15
VisualStudioVersion = 15.0.28307.1062
MinimumVisualStudioVersion = 10.0.40219.1
Project("{8BC9CEB8-8B4A-11D0-8D11-00A0C91BC942}") = "Assignment01", "Assignment01\Assignment01.vcxproj", "{F82802CB-D326-45C8-84A0-6EF4EE1F1024}"
EndProject
Project("{8BC9CEB8-8B4A-11D0-8D11-00A0C91BC942}") = "Assignment02", "Assignment02\Assignment02.vcxproj", "{54CEC594-D6D7-4214-B72B-45BB1788BB13}"
EndProject
Project("{8BC9CEB8-8B4A-11D0-8D11-00A0C91BC942}") = "Assignment03", "Assignment03\Assignment03.vcxproj", "{40EE1ACA-8850-4D46-8654-EE2DBCD95EA0}"
EndProject
Global
	GlobalSection(SolutionConfigurationPlatforms) = preSolution
		Debug|x64 = Debug|x64
		Debug|x86 = Debug|x86
		Release|x64 = Release|x64
		Release|x86 = Release|x86
	EndGlobalSection
	GlobalSection(ProjectConfigurationPlatforms) = postSolution
		{F82802CB-D326-45C8-84A0-6EF4EE1F1024}.Debug|x64.ActiveCfg = Debug|x64
		{F82802CB-D326-45C8-84A0-6EF4EE1F1024}.Debug|x64.Build.0 = Debug|x64
		{F82802CB-D326-45C8-84A0-6EF4EE1F1024}.Debug|x86.ActiveCfg = Debug|Win32
		{F82802CB-D326-45C8-84A0-6EF4EE1F1024}.Debug|x86.Build.0 = Debug|Win32
		{F82802CB-D326-45C8-84A0-6EF4EE1F1024}.Release|x64.ActiveCfg = Release|x64
		{F82802CB-D326-45C8-84A0-6EF4EE1F1024}.Release|x64.Build.0 = Release|x64
		{F82802CB-D326-45C8-84A0-6EF4EE1F1024}.Release|x86.ActiveCfg = Release|Win32
		{F82802CB-D326-45C8-84A0-6EF4EE1F1024}.Release|x86.Build.0 = Release|Win32
		{54CEC594-D6D7-4214-B72B-45BB1788BB13}.Debug|x64.ActiveCfg = Debug|x64
		{54CEC594-D6D7-4214-B72B-45BB1788BB13}.Debug|x64.Build.0 = Debug|x64
		{54CEC594-D6D7-4214-B72B-45BB1788BB13}.Debug|x86.ActiveCfg = Debug|Win32
		{54CEC594-D6D7-4214-B72B-45BB1788BB13}.Debug|x86.Build.0 = Debug|Win32
		{54CEC594-D6D7-4214-B72B-45BB1788BB13}.Release|x64.ActiveCfg = Release|x64
		{54CEC594-D6D7-4214-B72B-45BB1788BB13}.Release|x64.Build.0 = Release|x64
		{54CEC594-D6D7-4214-B72B-45BB1788BB13}.Release|x86.ActiveCfg = Release|Win32
		{54CEC594-D6D7-4214-B72B-45BB1788BB13}.Release|x86.Build.0 = Release|Win32
		{40EE1ACA-8850-4D46-8654-EE2DBCD95EA0}.Debug|x64.ActiveCfg = Debug|x64
		{40EE1ACA-8850-4D46-8654-EE2DBCD95EA0}.Debug|x64.Build.0 = Debug|x64
		{40EE1ACA-8850-4D46-8654-EE2DBCD95EA0}.Debug|x86.ActiveCfg = Debug|Win32
		{40EE1ACA-8850-4D46-8654-EE2DBCD95EA0}.Debug|x86.Build.0 = Debug|Win32
		{40EE1ACA-8850-4D46-8654-EE2DBCD95EA0}.Release|x64.ActiveCfg = Release|x64
		{40EE1ACA-8850-4D46-8654-EE2DBCD95EA0}.Release|x64.Build.0 = Release|x64
		{40EE1ACA-8850-4D46-8654-EE2DBCD95EA0}.Release|x86.ActiveCfg = Release|Win32
		{40EE1ACA-8850-4D46-8654-EE2DBCD95EA0}.Release|x86.Build.0 = Release|Win32
	EndGlobalSection
	GlobalSection(SolutionProperties) = preSolution
		HideSolutionNode = FALSE
	EndGlobalSection
	GlobalSection(ExtensibilityGlobals) = postSolution
		SolutionGuid = {AA0DF088-1DE3-4042-A271-2A5130CE25CB}
	EndGlobalSection
EndGlobal
